
Microsoft Visual Studio Solution File, Format Version 12.00
# Visual Studio Version 17
VisualStudioVersion = 17.14.36616.10 d17.14
MinimumVisualStudioVersion = 10.0.40219.1
Project("{FAE04EC0-301F-11D3-BF4B-00C04F79EFBC}") = "Webapplication1", "Webapplication1.csproj", "{C95DE035-1DF7-4B7B-83CC-8CB890E26CAE}"
EndProject
Global
	GlobalSection(SolutionConfigurationPlatforms) = preSolution
		Debug|Any CPU = Debug|Any CPU
		Release|Any CPU = Release|Any CPU
	EndGlobalSection
	GlobalSection(ProjectConfigurationPlatforms) = postSolution
		{C95DE035-1DF7-4B7B-83CC-8CB890E26CAE}.Debug|Any CPU.ActiveCfg = Debug|Any CPU
		{C95DE035-1DF7-4B7B-83CC-8CB890E26CAE}.Debug|Any CPU.Build.0 = Debug|Any CPU
		{C95DE035-1DF7-4B7B-83CC-8CB890E26CAE}.Release|Any CPU.ActiveCfg = Release|Any CPU
		{C95DE035-1DF7-4B7B-83CC-8CB890E26CAE}.Release|Any CPU.Build.0 = Release|Any CPU
	EndGlobalSection
	GlobalSection(SolutionProperties) = preSolution
		HideSolutionNode = FALSE
	EndGlobalSection
	GlobalSection(ExtensibilityGlobals) = postSolution
		SolutionGuid = {AF0EA2D0-82D5-4010-8E56-37F91CD3FCA7}
	EndGlobalSection
EndGlobal
